
Microsoft Visual Studio Solution File, Format Version 12.00
Project("{2150E333-8FDC-42A3-9474-1A3956D46DE8}") = "Tests", "Tests", "{D27C1247-9363-40A6-81AA-07F6EC5CD831}"
EndProject
Project("{FAE04EC0-301F-11D3-BF4B-00C04F79EFBC}") = "Expensifier.API", "Expensifier.API\Expensifier.API.csproj", "{0D049F8A-90D5-44DF-9A56-A19125F25DE7}"
EndProject
Project("{2150E333-8FDC-42A3-9474-1A3956D46DE8}") = "Solution Items", "Solution Items", "{8E42880B-C429-4B9D-9A78-F346A056CAA8}"
	ProjectSection(SolutionItems) = preProject
		docker-compose.yml = docker-compose.yml
		..\.github\workflows\dotnet.yml = ..\.github\workflows\dotnet.yml
		..\infrastructure\deployment.yaml = ..\infrastructure\deployment.yaml
		..\infrastructure\secrets.yaml = ..\infrastructure\secrets.yaml
	EndProjectSection
EndProject
Project("{FAE04EC0-301F-11D3-BF4B-00C04F79EFBC}") = "Expensifier.IntegrationTests", "Expensifier.IntegrationTests\Expensifier.IntegrationTests.csproj", "{F4350199-16BD-4021-B54D-126F96B9328C}"
EndProject
Project("{2150E333-8FDC-42A3-9474-1A3956D46DE8}") = "infrastructure", "infrastructure", "{9C5C93C0-D160-4F3B-8DB6-7E16E949569A}"
	ProjectSection(SolutionItems) = preProject
		..\infrastructure\api-deployment.yaml = ..\infrastructure\api-deployment.yaml
		..\infrastructure\client-deployment.yaml = ..\infrastructure\client-deployment.yaml
		..\infrastructure\ingress-deployment.yaml = ..\infrastructure\ingress-deployment.yaml
		..\infrastructure\postgres-deployment.yml = ..\infrastructure\postgres-deployment.yml
		..\infrastructure\secrets.yaml = ..\infrastructure\secrets.yaml
	EndProjectSection
EndProject
Global
	GlobalSection(SolutionConfigurationPlatforms) = preSolution
		Debug|Any CPU = Debug|Any CPU
		Release|Any CPU = Release|Any CPU
	EndGlobalSection
	GlobalSection(ProjectConfigurationPlatforms) = postSolution
		{0D049F8A-90D5-44DF-9A56-A19125F25DE7}.Debug|Any CPU.ActiveCfg = Debug|Any CPU
		{0D049F8A-90D5-44DF-9A56-A19125F25DE7}.Debug|Any CPU.Build.0 = Debug|Any CPU
		{0D049F8A-90D5-44DF-9A56-A19125F25DE7}.Release|Any CPU.ActiveCfg = Release|Any CPU
		{0D049F8A-90D5-44DF-9A56-A19125F25DE7}.Release|Any CPU.Build.0 = Release|Any CPU
		{F4350199-16BD-4021-B54D-126F96B9328C}.Debug|Any CPU.ActiveCfg = Debug|Any CPU
		{F4350199-16BD-4021-B54D-126F96B9328C}.Debug|Any CPU.Build.0 = Debug|Any CPU
		{F4350199-16BD-4021-B54D-126F96B9328C}.Release|Any CPU.ActiveCfg = Release|Any CPU
		{F4350199-16BD-4021-B54D-126F96B9328C}.Release|Any CPU.Build.0 = Release|Any CPU
	EndGlobalSection
	GlobalSection(NestedProjects) = preSolution
		{F4350199-16BD-4021-B54D-126F96B9328C} = {D27C1247-9363-40A6-81AA-07F6EC5CD831}
	EndGlobalSection
EndGlobal
