
Microsoft Visual Studio Solution File, Format Version 12.00
Project("{FAE04EC0-301F-11D3-BF4B-00C04F79EFBC}") = "Expensifier", "Expensifier\Expensifier.csproj", "{BAD28742-AB74-4375-BDC5-4A0DDECDA1D5}"
EndProject
Project("{2150E333-8FDC-42A3-9474-1A3956D46DE8}") = "Tests", "Tests", "{D27C1247-9363-40A6-81AA-07F6EC5CD831}"
EndProject
Project("{FAE04EC0-301F-11D3-BF4B-00C04F79EFBC}") = "Expensifier.UnitTests", "Expensifier.UnitTests\Expensifier.UnitTests.csproj", "{6AE02DB8-9A85-49F1-9BCF-0FC91E733CB1}"
EndProject
Global
	GlobalSection(SolutionConfigurationPlatforms) = preSolution
		Debug|Any CPU = Debug|Any CPU
		Release|Any CPU = Release|Any CPU
	EndGlobalSection
	GlobalSection(ProjectConfigurationPlatforms) = postSolution
		{BAD28742-AB74-4375-BDC5-4A0DDECDA1D5}.Debug|Any CPU.ActiveCfg = Debug|Any CPU
		{BAD28742-AB74-4375-BDC5-4A0DDECDA1D5}.Debug|Any CPU.Build.0 = Debug|Any CPU
		{BAD28742-AB74-4375-BDC5-4A0DDECDA1D5}.Release|Any CPU.ActiveCfg = Release|Any CPU
		{BAD28742-AB74-4375-BDC5-4A0DDECDA1D5}.Release|Any CPU.Build.0 = Release|Any CPU
		{6AE02DB8-9A85-49F1-9BCF-0FC91E733CB1}.Debug|Any CPU.ActiveCfg = Debug|Any CPU
		{6AE02DB8-9A85-49F1-9BCF-0FC91E733CB1}.Debug|Any CPU.Build.0 = Debug|Any CPU
		{6AE02DB8-9A85-49F1-9BCF-0FC91E733CB1}.Release|Any CPU.ActiveCfg = Release|Any CPU
		{6AE02DB8-9A85-49F1-9BCF-0FC91E733CB1}.Release|Any CPU.Build.0 = Release|Any CPU
	EndGlobalSection
	GlobalSection(NestedProjects) = preSolution
		{6AE02DB8-9A85-49F1-9BCF-0FC91E733CB1} = {D27C1247-9363-40A6-81AA-07F6EC5CD831}
	EndGlobalSection
EndGlobal
